
Microsoft Visual Studio Solution File, Format Version 12.00
# Visual Studio Version 17
VisualStudioVersion = 17.8.34316.72
MinimumVisualStudioVersion = 10.0.40219.1
Project("{FAE04EC0-301F-11D3-BF4B-00C04F79EFBC}") = "Car", "Car\Car.csproj", "{C65098CE-E30F-4171-8918-325101573EFD}"
EndProject
Global
	GlobalSection(SolutionConfigurationPlatforms) = preSolution
		Debug|Any CPU = Debug|Any CPU
		Release|Any CPU = Release|Any CPU
	EndGlobalSection
	GlobalSection(ProjectConfigurationPlatforms) = postSolution
		{C65098CE-E30F-4171-8918-325101573EFD}.Debug|Any CPU.ActiveCfg = Debug|Any CPU
		{C65098CE-E30F-4171-8918-325101573EFD}.Debug|Any CPU.Build.0 = Debug|Any CPU
		{C65098CE-E30F-4171-8918-325101573EFD}.Release|Any CPU.ActiveCfg = Release|Any CPU
		{C65098CE-E30F-4171-8918-325101573EFD}.Release|Any CPU.Build.0 = Release|Any CPU
	EndGlobalSection
	GlobalSection(SolutionProperties) = preSolution
		HideSolutionNode = FALSE
	EndGlobalSection
	GlobalSection(ExtensibilityGlobals) = postSolution
		SolutionGuid = {1F682C06-698C-4ED3-976F-A1339AE7D0D4}
	EndGlobalSection
EndGlobal
